
Microsoft Visual Studio Solution File, Format Version 12.00
# Visual Studio 15
VisualStudioVersion = 15.0.28307.136
MinimumVisualStudioVersion = 10.0.40219.1
Project("{FAE04EC0-301F-11D3-BF4B-00C04F79EFBC}") = "ModelLab.Domain", "src\ModelLab.Domain\ModelLab.Domain.csproj", "{32B838D4-B22B-4DF0-BEF5-5726FCC8BACB}"
EndProject
Project("{FAE04EC0-301F-11D3-BF4B-00C04F79EFBC}") = "ModelLab.UnitTests", "tests\ModelLab.UnitTests\ModelLab.UnitTests.csproj", "{4BEE2FE9-8022-4900-BA51-183AB5399701}"
EndProject
Global
	GlobalSection(SolutionConfigurationPlatforms) = preSolution
		Debug|Any CPU = Debug|Any CPU
		Release|Any CPU = Release|Any CPU
	EndGlobalSection
	GlobalSection(ProjectConfigurationPlatforms) = postSolution
		{32B838D4-B22B-4DF0-BEF5-5726FCC8BACB}.Debug|Any CPU.ActiveCfg = Debug|Any CPU
		{32B838D4-B22B-4DF0-BEF5-5726FCC8BACB}.Debug|Any CPU.Build.0 = Debug|Any CPU
		{32B838D4-B22B-4DF0-BEF5-5726FCC8BACB}.Release|Any CPU.ActiveCfg = Release|Any CPU
		{32B838D4-B22B-4DF0-BEF5-5726FCC8BACB}.Release|Any CPU.Build.0 = Release|Any CPU
		{4BEE2FE9-8022-4900-BA51-183AB5399701}.Debug|Any CPU.ActiveCfg = Debug|Any CPU
		{4BEE2FE9-8022-4900-BA51-183AB5399701}.Debug|Any CPU.Build.0 = Debug|Any CPU
		{4BEE2FE9-8022-4900-BA51-183AB5399701}.Release|Any CPU.ActiveCfg = Release|Any CPU
		{4BEE2FE9-8022-4900-BA51-183AB5399701}.Release|Any CPU.Build.0 = Release|Any CPU
	EndGlobalSection
	GlobalSection(SolutionProperties) = preSolution
		HideSolutionNode = FALSE
	EndGlobalSection
	GlobalSection(ExtensibilityGlobals) = postSolution
		SolutionGuid = {2FAD2345-C5A6-4B28-9A1D-3809B542321C}
	EndGlobalSection
EndGlobal
